
Microsoft Visual Studio Solution File, Format Version 12.00
# Visual Studio Version 16
VisualStudioVersion = 16.0.31025.194
MinimumVisualStudioVersion = 10.0.40219.1
Project("{FAE04EC0-301F-11D3-BF4B-00C04F79EFBC}") = "KVPKliens", "KVPKliens\KVPKliens.csproj", "{934AF960-5D1A-40DE-AC7B-37199BCE5AB9}"
EndProject
Project("{FAE04EC0-301F-11D3-BF4B-00C04F79EFBC}") = "KVPAdmin", "KVPAdmin\KVPAdmin.csproj", "{B37F08B0-5517-49BF-B400-322554E8DEE8}"
EndProject
Project("{FAE04EC0-301F-11D3-BF4B-00C04F79EFBC}") = "KVPDLL", "KVPDLL\KVPDLL.csproj", "{4BB6E930-F310-4349-B061-C6E2A7A143A3}"
EndProject
Global
	GlobalSection(SolutionConfigurationPlatforms) = preSolution
		Debug|Any CPU = Debug|Any CPU
		Release|Any CPU = Release|Any CPU
	EndGlobalSection
	GlobalSection(ProjectConfigurationPlatforms) = postSolution
		{934AF960-5D1A-40DE-AC7B-37199BCE5AB9}.Debug|Any CPU.ActiveCfg = Debug|Any CPU
		{934AF960-5D1A-40DE-AC7B-37199BCE5AB9}.Debug|Any CPU.Build.0 = Debug|Any CPU
		{934AF960-5D1A-40DE-AC7B-37199BCE5AB9}.Release|Any CPU.ActiveCfg = Release|Any CPU
		{934AF960-5D1A-40DE-AC7B-37199BCE5AB9}.Release|Any CPU.Build.0 = Release|Any CPU
		{B37F08B0-5517-49BF-B400-322554E8DEE8}.Debug|Any CPU.ActiveCfg = Debug|Any CPU
		{B37F08B0-5517-49BF-B400-322554E8DEE8}.Debug|Any CPU.Build.0 = Debug|Any CPU
		{B37F08B0-5517-49BF-B400-322554E8DEE8}.Release|Any CPU.ActiveCfg = Release|Any CPU
		{B37F08B0-5517-49BF-B400-322554E8DEE8}.Release|Any CPU.Build.0 = Release|Any CPU
		{4BB6E930-F310-4349-B061-C6E2A7A143A3}.Debug|Any CPU.ActiveCfg = Debug|Any CPU
		{4BB6E930-F310-4349-B061-C6E2A7A143A3}.Debug|Any CPU.Build.0 = Debug|Any CPU
		{4BB6E930-F310-4349-B061-C6E2A7A143A3}.Release|Any CPU.ActiveCfg = Release|Any CPU
		{4BB6E930-F310-4349-B061-C6E2A7A143A3}.Release|Any CPU.Build.0 = Release|Any CPU
	EndGlobalSection
	GlobalSection(SolutionProperties) = preSolution
		HideSolutionNode = FALSE
	EndGlobalSection
	GlobalSection(ExtensibilityGlobals) = postSolution
		SolutionGuid = {D26FEF90-208E-4761-AC2F-03E0ACE6CC07}
	EndGlobalSection
EndGlobal
